
Microsoft Visual Studio Solution File, Format Version 12.00
# Visual Studio Version 16
VisualStudioVersion = 16.0.31729.503
MinimumVisualStudioVersion = 10.0.40219.1
Project("{FAE04EC0-301F-11D3-BF4B-00C04F79EFBC}") = "SimplexForm", "SimplexForm\SimplexForm.csproj", "{B35079CE-E793-4F48-8EC7-D1069BC18593}"
EndProject
Global
	GlobalSection(SolutionConfigurationPlatforms) = preSolution
		Debug|Any CPU = Debug|Any CPU
		Release|Any CPU = Release|Any CPU
	EndGlobalSection
	GlobalSection(ProjectConfigurationPlatforms) = postSolution
		{B35079CE-E793-4F48-8EC7-D1069BC18593}.Debug|Any CPU.ActiveCfg = Debug|Any CPU
		{B35079CE-E793-4F48-8EC7-D1069BC18593}.Debug|Any CPU.Build.0 = Debug|Any CPU
		{B35079CE-E793-4F48-8EC7-D1069BC18593}.Release|Any CPU.ActiveCfg = Release|Any CPU
		{B35079CE-E793-4F48-8EC7-D1069BC18593}.Release|Any CPU.Build.0 = Release|Any CPU
	EndGlobalSection
	GlobalSection(SolutionProperties) = preSolution
		HideSolutionNode = FALSE
	EndGlobalSection
	GlobalSection(ExtensibilityGlobals) = postSolution
		SolutionGuid = {320B4DF9-C378-48D0-B365-301127E8F7B3}
	EndGlobalSection
EndGlobal
